
Microsoft Visual Studio Solution File, Format Version 12.00
# Visual Studio 15
VisualStudioVersion = 15.0.28010.2046
MinimumVisualStudioVersion = 10.0.40219.1
Project("{FAE04EC0-301F-11D3-BF4B-00C04F79EFBC}") = "Kirby", "Kirby\Kirby.csproj", "{0C765694-7FA5-44BA-8124-98C18CB9EC2C}"
EndProject
Global
	GlobalSection(SolutionConfigurationPlatforms) = preSolution
		Debug|x86 = Debug|x86
		Release|x86 = Release|x86
	EndGlobalSection
	GlobalSection(ProjectConfigurationPlatforms) = postSolution
		{0C765694-7FA5-44BA-8124-98C18CB9EC2C}.Debug|x86.ActiveCfg = Debug|x86
		{0C765694-7FA5-44BA-8124-98C18CB9EC2C}.Debug|x86.Build.0 = Debug|x86
		{0C765694-7FA5-44BA-8124-98C18CB9EC2C}.Release|x86.ActiveCfg = Release|x86
		{0C765694-7FA5-44BA-8124-98C18CB9EC2C}.Release|x86.Build.0 = Release|x86
	EndGlobalSection
	GlobalSection(SolutionProperties) = preSolution
		HideSolutionNode = FALSE
	EndGlobalSection
	GlobalSection(ExtensibilityGlobals) = postSolution
		SolutionGuid = {128F2FD1-F791-4160-8A3A-E7D4E6D9DA6A}
	EndGlobalSection
EndGlobal
